
Microsoft Visual Studio Solution File, Format Version 12.00
# Visual Studio Version 16
VisualStudioVersion = 16.0.30002.166
MinimumVisualStudioVersion = 10.0.40219.1
Project("{9A19103F-16F7-4668-BE54-9A1E7A4F7556}") = "TestAppBrightSoft", "TestAppBrightSoft\TestAppBrightSoft.csproj", "{D0503EE4-049D-4E4B-8014-5939D514257B}"
EndProject
Project("{9A19103F-16F7-4668-BE54-9A1E7A4F7556}") = "DataLayer", "DataLayer\DataLayer.csproj", "{081FDC13-77AA-4C96-8088-485FDD1BB9BB}"
EndProject
Project("{FAE04EC0-301F-11D3-BF4B-00C04F79EFBC}") = "ReportApp", "ReportApp\ReportApp.csproj", "{051A7622-D978-4A1F-9ECF-FF73C396002B}"
EndProject
Global
	GlobalSection(SolutionConfigurationPlatforms) = preSolution
		Debug|Any CPU = Debug|Any CPU
		Release|Any CPU = Release|Any CPU
	EndGlobalSection
	GlobalSection(ProjectConfigurationPlatforms) = postSolution
		{D0503EE4-049D-4E4B-8014-5939D514257B}.Debug|Any CPU.ActiveCfg = Debug|Any CPU
		{D0503EE4-049D-4E4B-8014-5939D514257B}.Debug|Any CPU.Build.0 = Debug|Any CPU
		{D0503EE4-049D-4E4B-8014-5939D514257B}.Release|Any CPU.ActiveCfg = Release|Any CPU
		{D0503EE4-049D-4E4B-8014-5939D514257B}.Release|Any CPU.Build.0 = Release|Any CPU
		{081FDC13-77AA-4C96-8088-485FDD1BB9BB}.Debug|Any CPU.ActiveCfg = Debug|Any CPU
		{081FDC13-77AA-4C96-8088-485FDD1BB9BB}.Debug|Any CPU.Build.0 = Debug|Any CPU
		{081FDC13-77AA-4C96-8088-485FDD1BB9BB}.Release|Any CPU.ActiveCfg = Release|Any CPU
		{081FDC13-77AA-4C96-8088-485FDD1BB9BB}.Release|Any CPU.Build.0 = Release|Any CPU
		{051A7622-D978-4A1F-9ECF-FF73C396002B}.Debug|Any CPU.ActiveCfg = Debug|Any CPU
		{051A7622-D978-4A1F-9ECF-FF73C396002B}.Debug|Any CPU.Build.0 = Debug|Any CPU
		{051A7622-D978-4A1F-9ECF-FF73C396002B}.Release|Any CPU.ActiveCfg = Release|Any CPU
		{051A7622-D978-4A1F-9ECF-FF73C396002B}.Release|Any CPU.Build.0 = Release|Any CPU
	EndGlobalSection
	GlobalSection(SolutionProperties) = preSolution
		HideSolutionNode = FALSE
	EndGlobalSection
	GlobalSection(ExtensibilityGlobals) = postSolution
		SolutionGuid = {46D428EF-D524-44D5-9CD1-F40405314553}
	EndGlobalSection
EndGlobal
